Microsoft Visual Studio Solution File, Format Version 11.00
# Visual Studio 2008

Project("{108EDEEC-5AA3-8204-B701-2B1074658B9C}") = "VR Item Toss (Vive)", "Assembly-CSharp.csproj", "{0A8B32F5-1395-DE4E-A48A-9412156989A4}"
EndProject
Project("{108EDEEC-5AA3-8204-B701-2B1074658B9C}") = "VR Item Toss (Vive)", "Assembly-CSharp-Editor.csproj", "{210AC49D-75F5-CFBC-26A6-E2C69C19D249}"
EndProject
Global
	GlobalSection(SolutionConfigurationPlatforms) = preSolution
		Debug|Any CPU = Debug|Any CPU
		Release|Any CPU = Release|Any CPU
	EndGlobalSection
	GlobalSection(ProjectConfigurationPlatforms) = postSolution
		{0A8B32F5-1395-DE4E-A48A-9412156989A4}.Debug|Any CPU.ActiveCfg = Debug|Any CPU
		{0A8B32F5-1395-DE4E-A48A-9412156989A4}.Debug|Any CPU.Build.0 = Debug|Any CPU
		{0A8B32F5-1395-DE4E-A48A-9412156989A4}.Release|Any CPU.ActiveCfg = Release|Any CPU
		{0A8B32F5-1395-DE4E-A48A-9412156989A4}.Release|Any CPU.Build.0 = Release|Any CPU
		{210AC49D-75F5-CFBC-26A6-E2C69C19D249}.Debug|Any CPU.ActiveCfg = Debug|Any CPU
		{210AC49D-75F5-CFBC-26A6-E2C69C19D249}.Debug|Any CPU.Build.0 = Debug|Any CPU
		{210AC49D-75F5-CFBC-26A6-E2C69C19D249}.Release|Any CPU.ActiveCfg = Release|Any CPU
		{210AC49D-75F5-CFBC-26A6-E2C69C19D249}.Release|Any CPU.Build.0 = Release|Any CPU
	EndGlobalSection
	GlobalSection(SolutionProperties) = preSolution
		HideSolutionNode = FALSE
	EndGlobalSection
	GlobalSection(MonoDevelopProperties) = preSolution
		StartupItem = Assembly-CSharp.csproj
	EndGlobalSection
EndGlobal
